<?xml version="1.0" encoding="UTF-8" standalone="yes" ?>
<CodeBlocks_project_file>
	<FileVersion major="1" minor="6" />
	<Project>
		<Option title="c_compiler" />
		<Option pch_mode="2" />
		<Option compiler="gcc" />
		<Build>
			<Target title="Debug">
				<Option output="bin/Debug/c_compiler" prefix_auto="1" extension_auto="1" />
				<Option object_output="obj/Debug/" />
				<Option type="1" />
				<Option compiler="gcc" />
				<Compiler>
					<Add option="-g" />
				</Compiler>
			</Target>
			<Target title="Release">
				<Option output="bin/Release/c_compiler" prefix_auto="1" extension_auto="1" />
				<Option object_output="obj/Release/" />
				<Option type="1" />
				<Option compiler="gcc" />
				<Compiler>
					<Add option="-O2" />
				</Compiler>
				<Linker>
					<Add option="-s" />
				</Linker>
			</Target>
		</Build>
		<Compiler>
			<Add option="-Wall" />
		</Compiler>
		<Unit filename="Grammar.cpp" />
		<Unit filename="Grammar.h" />
		<Unit filename="LL1.cpp" />
		<Unit filename="LL1.h" />
		<Unit filename="compile.cpp" />
		<Unit filename="process_character.cpp" />
		<Unit filename="process_character.h" />
		<Unit filename="process_character_string.cpp" />
		<Unit filename="process_character_string.h" />
		<Unit filename="process_constant_num.cpp" />
		<Unit filename="process_constant_num.h" />
		<Unit filename="public_tools.h" />
		<Unit filename="scanner.cpp" />
		<Unit filename="scanner.h" />
		<Unit filename="test.cpp" />
		<Extensions>
			<code_completion />
			<envvars />
			<debugger />
		</Extensions>
	</Project>
</CodeBlocks_project_file>
